{
  "name": "finance",
  "version": "1.0.0",
  "lockfileVersion": 3,
  "requires": true,
  "packages": {
    "": {
      "name": "finance",
      "version": "1.0.0",
      "dependencies": {
        "@mathieuc/tradingview": "^1.0.0"
      },
      "devDependencies": {
        "@types/node": "^20"
      }
    },
    "node_modules/@mathieuc/tradingview": {
      "version": "1.9.0",
      "resolved": "https://registry.npmjs.org/@mathieuc/tradingview/-/tradingview-1.9.0.tgz",
      "integrity": "sha512-voKHWoAZdi1Han9R3tMddndoKp+DEOb6z3uUf8fdcAzntCjuDngzW9ylrmCh/0EzejVL/AmMjmtiS/M6FGOQ7Q==",
      "license": "ISC",
      "dependencies": {
        "ws": "^7.4.3"
      }
    },
    "node_modules/@types/node": {
      "version": "20.19.11",
      "resolved": "https://registry.npmjs.org/@types/node/-/node-20.19.11.tgz",
      "integrity": "sha512-uug3FEEGv0r+jrecvUUpbY8lLisvIjg6AAic6a2bSP5OEOLeJsDSnvhCDov7ipFFMXS3orMpzlmi0ZcuGkBbow==",
      "dev": true,
      "license": "MIT",
      "dependencies": {
        "undici-types": "~6.21.0"
      }
    },
    "node_modules/undici-types": {
      "version": "6.21.0",
      "resolved": "https://registry.npmjs.org/undici-types/-/undici-types-6.21.0.tgz",
      "integrity": "sha512-iwDZqg0QAGrg9Rav5H4n0M64c3mkR59cJ6wQp+7C4nI0gsmExaedaYLNO44eT4AtBBwjbTiGPMlt2Md0T9H9JQ==",
      "dev": true,
      "license": "MIT"
    },
    "node_modules/ws": {
      "version": "7.5.10",
      "resolved": "https://registry.npmjs.org/ws/-/ws-7.5.10.tgz",
      "integrity": "sha512-+dbF1tHwZpXcbOJdVOkzLDxZP1ailvSxM6ZweXTegylPny803bFhA+vqBYw4s31NSAk4S2Qz+AKXK9a4wkdjcQ==",
      "license": "MIT",
      "engines": {
        "node": ">=8.3.0"
      },
      "peerDependencies": {
        "bufferutil": "^4.0.1",
        "utf-8-validate": "^5.0.2"
      },
      "peerDependenciesMeta": {
        "bufferutil": {
          "optional": true
        },
        "utf-8-validate": {
          "optional": true
        }
      }
    }
  }
}
